
Microsoft Visual Studio Solution File, Format Version 12.00
# Visual Studio 15
Project("{FAE04EC0-301F-11D3-BF4B-00C04F79EFBC}") = "UnityEditor.UI", "UnityEditor.UI.csproj", "{075511B4-37FA-61A4-CC79-F47845811E88}"
EndProject
Project("{FAE04EC0-301F-11D3-BF4B-00C04F79EFBC}") = "UnityEngine.UI", "UnityEngine.UI.csproj", "{272E475D-5FBB-E969-66B9-715C8F843B96}"
EndProject
Project("{FAE04EC0-301F-11D3-BF4B-00C04F79EFBC}") = "Assembly-CSharp", "Assembly-CSharp.csproj", "{A695E68A-A002-344F-58BE-4E064E41B5D2}"
EndProject
Global
	GlobalSection(SolutionConfigurationPlatforms) = preSolution
		Debug|Any CPU = Debug|Any CPU
		Release|Any CPU = Release|Any CPU
	EndGlobalSection
	GlobalSection(ProjectConfigurationPlatforms) = postSolution
		{075511B4-37FA-61A4-CC79-F47845811E88}.Debug|Any CPU.ActiveCfg = Debug|Any CPU
		{075511B4-37FA-61A4-CC79-F47845811E88}.Debug|Any CPU.Build.0 = Debug|Any CPU
		{075511B4-37FA-61A4-CC79-F47845811E88}.Release|Any CPU.ActiveCfg = Release|Any CPU
		{075511B4-37FA-61A4-CC79-F47845811E88}.Release|Any CPU.Build.0 = Release|Any CPU
		{272E475D-5FBB-E969-66B9-715C8F843B96}.Debug|Any CPU.ActiveCfg = Debug|Any CPU
		{272E475D-5FBB-E969-66B9-715C8F843B96}.Debug|Any CPU.Build.0 = Debug|Any CPU
		{272E475D-5FBB-E969-66B9-715C8F843B96}.Release|Any CPU.ActiveCfg = Release|Any CPU
		{272E475D-5FBB-E969-66B9-715C8F843B96}.Release|Any CPU.Build.0 = Release|Any CPU
		{A695E68A-A002-344F-58BE-4E064E41B5D2}.Debug|Any CPU.ActiveCfg = Debug|Any CPU
		{A695E68A-A002-344F-58BE-4E064E41B5D2}.Debug|Any CPU.Build.0 = Debug|Any CPU
		{A695E68A-A002-344F-58BE-4E064E41B5D2}.Release|Any CPU.ActiveCfg = Release|Any CPU
		{A695E68A-A002-344F-58BE-4E064E41B5D2}.Release|Any CPU.Build.0 = Release|Any CPU
	EndGlobalSection
	GlobalSection(SolutionProperties) = preSolution
		HideSolutionNode = FALSE
	EndGlobalSection
EndGlobal
